<?xml version="1.0" encoding="utf-8"?>
<Project ToolsVersion="4.0" xmlns="http://schemas.microsoft.com/developer/msbuild/2003">
  <ItemGroup>
    <Filter Include="Source Files">
      <UniqueIdentifier>{4FC737F1-C7A5-4376-A066-2A32D752A2FF}</UniqueIdentifier>
      <Extensions>cpp;c;cc;cxx;def;odl;idl;hpj;bat;asm;asmx</Extensions>
    </Filter>
    <Filter Include="Header Files">
      <UniqueIdentifier>{93995380-89BD-4b04-88EB-625FBE52EBFB}</UniqueIdentifier>
      <Extensions>h;hh;hpp;hxx;hm;inl;inc;xsd</Extensions>
    </Filter>
    <Filter Include="Resource Files">
      <UniqueIdentifier>{67DA6AB6-F800-4c08-8B7A-83BB121AAD01}</UniqueIdentifier>
      <Extensions>rc;ico;cur;bmp;dlg;rc2;rct;bin;rgs;gif;jpg;jpeg;jpe;resx;tiff;tif;png;wav;mfcribbon-ms</Extensions>
    </Filter>
  </ItemGroup>
  <ItemGroup>
    <ClInclude Include="SynthCad.h">
      <Filter>Header Files</Filter>
    </ClInclude>
    <ClInclude Include="stdafx.h">
      <Filter>Header Files</Filter>
    </ClInclude>
    <ClInclude Include="targetver.h">
      <Filter>Header Files</Filter>
    </ClInclude>
    <ClInclude Include="MainFrm.h">
      <Filter>Header Files</Filter>
    </ClInclude>
    <ClInclude Include="SynthCadDoc.h">
      <Filter>Header Files</Filter>
    </ClInclude>
    <ClInclude Include="SynthCadView.h">
      <Filter>Header Files</Filter>
    </ClInclude>
    <ClInclude Include="Resource.h">
      <Filter>Header Files</Filter>
    </ClInclude>
    <ClInclude Include="CPolygon.h">
      <Filter>Header Files</Filter>
    </ClInclude>
    <ClInclude Include="Knob.h">
      <Filter>Header Files</Filter>
    </ClInclude>
    <ClInclude Include="Lexer.h">
      <Filter>Header Files</Filter>
    </ClInclude>
    <ClInclude Include="Lock.h">
      <Filter>Header Files</Filter>
    </ClInclude>
    <ClInclude Include="LogicAnalyzer.h">
      <Filter>Header Files</Filter>
    </ClInclude>
    <ClInclude Include="RenderBuffer.h">
      <Filter>Header Files</Filter>
    </ClInclude>
    <ClInclude Include="SelectAudioOut.h">
      <Filter>Header Files</Filter>
    </ClInclude>
    <ClInclude Include="SelectMidi.h">
      <Filter>Header Files</Filter>
    </ClInclude>
    <ClInclude Include="staticdisplayW.h">
      <Filter>Header Files</Filter>
    </ClInclude>
    <ClInclude Include="SynthBiQuad.h">
      <Filter>Header Files</Filter>
    </ClInclude>
    <ClInclude Include="synthbiquad_ii.h">
      <Filter>Header Files</Filter>
    </ClInclude>
    <ClInclude Include="SynthCadDefines.h">
      <Filter>Header Files</Filter>
    </ClInclude>
    <ClInclude Include="SynthDataPath.h">
      <Filter>Header Files</Filter>
    </ClInclude>
    <ClInclude Include="SynthEGadsr.h">
      <Filter>Header Files</Filter>
    </ClInclude>
    <ClInclude Include="SynthEngine.h">
      <Filter>Header Files</Filter>
    </ClInclude>
    <ClInclude Include="SynthGlide.h">
      <Filter>Header Files</Filter>
    </ClInclude>
    <ClInclude Include="SynthMidiIN.h">
      <Filter>Header Files</Filter>
    </ClInclude>
    <ClInclude Include="SynthMixer.h">
      <Filter>Header Files</Filter>
    </ClInclude>
    <ClInclude Include="SynthObject.h">
      <Filter>Header Files</Filter>
    </ClInclude>
    <ClInclude Include="SynthObjectTypes.h">
      <Filter>Header Files</Filter>
    </ClInclude>
    <ClInclude Include="SynthParameters.h">
      <Filter>Header Files</Filter>
    </ClInclude>
    <ClInclude Include="SynthPolyBLEPOsc.h">
      <Filter>Header Files</Filter>
    </ClInclude>
    <ClInclude Include="SynthReverb1.h">
      <Filter>Header Files</Filter>
    </ClInclude>
    <ClInclude Include="SynthSVFilter.h">
      <Filter>Header Files</Filter>
    </ClInclude>
    <ClInclude Include="SynthVCA.h">
      <Filter>Header Files</Filter>
    </ClInclude>
    <ClInclude Include="SynthKnob.h">
      <Filter>Header Files</Filter>
    </ClInclude>
    <ClInclude Include="SynthLed.h">
      <Filter>Header Files</Filter>
    </ClInclude>
    <ClInclude Include="SynthSlider.h">
      <Filter>Header Files</Filter>
    </ClInclude>
    <ClInclude Include="SynthCoreAudioSharedOut.h">
      <Filter>Header Files</Filter>
    </ClInclude>
    <ClInclude Include="SynthFmOp.h">
      <Filter>Header Files</Filter>
    </ClInclude>
    <ClInclude Include="SynthFmMod.h">
      <Filter>Header Files</Filter>
    </ClInclude>
    <ClInclude Include="SynthSummer.h">
      <Filter>Header Files</Filter>
    </ClInclude>
  </ItemGroup>
  <ItemGroup>
    <ClCompile Include="SynthCad.cpp">
      <Filter>Source Files</Filter>
    </ClCompile>
    <ClCompile Include="stdafx.cpp">
      <Filter>Source Files</Filter>
    </ClCompile>
    <ClCompile Include="MainFrm.cpp">
      <Filter>Source Files</Filter>
    </ClCompile>
    <ClCompile Include="SynthCadDoc.cpp">
      <Filter>Source Files</Filter>
    </ClCompile>
    <ClCompile Include="SynthCadView.cpp">
      <Filter>Source Files</Filter>
    </ClCompile>
    <ClCompile Include="CPolygon.cpp">
      <Filter>Source Files</Filter>
    </ClCompile>
    <ClCompile Include="Knob.cpp">
      <Filter>Source Files</Filter>
    </ClCompile>
    <ClCompile Include="Lexer.cpp">
      <Filter>Source Files</Filter>
    </ClCompile>
    <ClCompile Include="Lock.cpp">
      <Filter>Source Files</Filter>
    </ClCompile>
    <ClCompile Include="LogicAnalyzer.cpp">
      <Filter>Source Files</Filter>
    </ClCompile>
    <ClCompile Include="SelectAudioOut.cpp">
      <Filter>Source Files</Filter>
    </ClCompile>
    <ClCompile Include="SelectMidi.cpp">
      <Filter>Source Files</Filter>
    </ClCompile>
    <ClCompile Include="Softsynth.cpp">
      <Filter>Source Files</Filter>
    </ClCompile>
    <ClCompile Include="staticdisplayW.cpp">
      <Filter>Source Files</Filter>
    </ClCompile>
    <ClCompile Include="SynthBiQuad.cpp">
      <Filter>Source Files</Filter>
    </ClCompile>
    <ClCompile Include="synthbiquad_ii.cpp">
      <Filter>Source Files</Filter>
    </ClCompile>
    <ClCompile Include="SynthDataPath.cpp">
      <Filter>Source Files</Filter>
    </ClCompile>
    <ClCompile Include="SynthEGadsr.cpp">
      <Filter>Source Files</Filter>
    </ClCompile>
    <ClCompile Include="SynthEngine.cpp">
      <Filter>Source Files</Filter>
    </ClCompile>
    <ClCompile Include="SynthGlide.cpp">
      <Filter>Source Files</Filter>
    </ClCompile>
    <ClCompile Include="SynthMidiIN.cpp">
      <Filter>Source Files</Filter>
    </ClCompile>
    <ClCompile Include="SynthMixer.cpp">
      <Filter>Source Files</Filter>
    </ClCompile>
    <ClCompile Include="SynthObject.cpp">
      <Filter>Source Files</Filter>
    </ClCompile>
    <ClCompile Include="SynthParameters.cpp">
      <Filter>Source Files</Filter>
    </ClCompile>
    <ClCompile Include="SynthPolyBLEPOsc.cpp">
      <Filter>Source Files</Filter>
    </ClCompile>
    <ClCompile Include="SynthReverb1.cpp">
      <Filter>Source Files</Filter>
    </ClCompile>
    <ClCompile Include="SynthSVFilter.cpp">
      <Filter>Source Files</Filter>
    </ClCompile>
    <ClCompile Include="SynthVCA.cpp">
      <Filter>Source Files</Filter>
    </ClCompile>
    <ClCompile Include="SynthKnob.cpp">
      <Filter>Source Files</Filter>
    </ClCompile>
    <ClCompile Include="SynthLed.cpp">
      <Filter>Source Files</Filter>
    </ClCompile>
    <ClCompile Include="SynthSlider.cpp">
      <Filter>Source Files</Filter>
    </ClCompile>
    <ClCompile Include="SynthCoreAudioSharedOut.cpp">
      <Filter>Source Files</Filter>
    </ClCompile>
    <ClCompile Include="SynthFmOp.cpp">
      <Filter>Source Files</Filter>
    </ClCompile>
    <ClCompile Include="SynthFmMod.cpp">
      <Filter>Source Files</Filter>
    </ClCompile>
    <ClCompile Include="SynthSummer.cpp">
      <Filter>Source Files</Filter>
    </ClCompile>
  </ItemGroup>
  <ItemGroup>
    <None Include="SynthCad.reg" />
    <None Include="res\SynthCad.rc2">
      <Filter>Resource Files</Filter>
    </None>
  </ItemGroup>
  <ItemGroup>
    <ResourceCompile Include="SynthCad.rc">
      <Filter>Resource Files</Filter>
    </ResourceCompile>
  </ItemGroup>
  <ItemGroup>
    <Image Include="res\userimages.bmp">
      <Filter>Resource Files</Filter>
    </Image>
    <Image Include="res\SynthCadDoc.ico">
      <Filter>Resource Files</Filter>
    </Image>
    <Image Include="res\SynthCad.ico">
      <Filter>Resource Files</Filter>
    </Image>
    <Image Include="res\Toolbar.bmp">
      <Filter>Resource Files</Filter>
    </Image>
    <Image Include="res\Toolbar256.bmp">
      <Filter>Resource Files</Filter>
    </Image>
  </ItemGroup>
  <ItemGroup>
    <Library Include="C:\Program Files (x86)\Windows Kits\10\Lib\10.0.19041.0\um\x86\avrt.lib">
      <Filter>Source Files</Filter>
    </Library>
  </ItemGroup>
</Project>